// !$*UTF8*$!
{
	archiveVersion = 1;
	classes = {
	};
	objectVersion = 56;
	objects = {

/* Begin PBXBuildFile section */
		2326446F2B96A80600A54B95 /* SwiftUI_Firebase_MVVM_Implementation_Demos_2024App.swift in Sources */ = {isa = PBXBuildFile; fileRef = 2326446E2B96A80600A54B95 /* SwiftUI_Firebase_MVVM_Implementation_Demos_2024App.swift */; };
		232644712B96A80600A54B95 /* ContentView.swift in Sources */ = {isa = PBXBuildFile; fileRef = 232644702B96A80600A54B95 /* ContentView.swift */; };
		232644732B96A80700A54B95 /* Assets.xcassets in Resources */ = {isa = PBXBuildFile; fileRef = 232644722B96A80700A54B95 /* Assets.xcassets */; };
		232644762B96A80700A54B95 /* Preview Assets.xcassets in Resources */ = {isa = PBXBuildFile; fileRef = 232644752B96A80700A54B95 /* Preview Assets.xcassets */; };
		2326447D2B96A8CA00A54B95 /* .gitignore in Resources */ = {isa = PBXBuildFile; fileRef = 2326447C2B96A8CA00A54B95 /* .gitignore */; };
		2326447F2B96ABD800A54B95 /* BasicGetterExamples.swift in Sources */ = {isa = PBXBuildFile; fileRef = 2326447E2B96ABD800A54B95 /* BasicGetterExamples.swift */; };
		232644812B96ABE300A54B95 /* BasicSetterExampleView.swift in Sources */ = {isa = PBXBuildFile; fileRef = 232644802B96ABE300A54B95 /* BasicSetterExampleView.swift */; };
		2385BD852B96AD94009AA064 /* GettersExamplesView.swift in Sources */ = {isa = PBXBuildFile; fileRef = 2385BD842B96AD94009AA064 /* GettersExamplesView.swift */; };
		2385BD872B96ADAA009AA064 /* SettersExamplesView.swift in Sources */ = {isa = PBXBuildFile; fileRef = 2385BD862B96ADAA009AA064 /* SettersExamplesView.swift */; };
		2385BD892B96B0D8009AA064 /* GettersViewModel.swift in Sources */ = {isa = PBXBuildFile; fileRef = 2385BD882B96B0D8009AA064 /* GettersViewModel.swift */; };
		2385BD8B2B96B0E0009AA064 /* GettersModel.swift in Sources */ = {isa = PBXBuildFile; fileRef = 2385BD8A2B96B0E0009AA064 /* GettersModel.swift */; };
		2385BD8D2B96B40A009AA064 /* SettersViewModel.swift in Sources */ = {isa = PBXBuildFile; fileRef = 2385BD8C2B96B40A009AA064 /* SettersViewModel.swift */; };
		2385BD8F2B96B416009AA064 /* SettersModel.swift in Sources */ = {isa = PBXBuildFile; fileRef = 2385BD8E2B96B416009AA064 /* SettersModel.swift */; };
		2385BD912B96B52D009AA064 /* AdvancedSettersExampleView.swift in Sources */ = {isa = PBXBuildFile; fileRef = 2385BD902B96B52D009AA064 /* AdvancedSettersExampleView.swift */; };
		2385BD932B96B555009AA064 /* AdvancedGettersExampleView.swift in Sources */ = {isa = PBXBuildFile; fileRef = 2385BD922B96B555009AA064 /* AdvancedGettersExampleView.swift */; };
/* End PBXBuildFile section */

/* Begin PBXFileReference section */
		2326446B2B96A80600A54B95 /* SwiftUI_Firebase_MVVM_Implementation_Demos_2024.app */ = {isa = PBXFileReference; explicitFileType = wrapper.application; includeInIndex = 0; path = SwiftUI_Firebase_MVVM_Implementation_Demos_2024.app; sourceTree = BUILT_PRODUCTS_DIR; };
		2326446E2B96A80600A54B95 /* SwiftUI_Firebase_MVVM_Implementation_Demos_2024App.swift */ = {isa = PBXFileReference; lastKnownFileType = sourcecode.swift; path = SwiftUI_Firebase_MVVM_Implementation_Demos_2024App.swift; sourceTree = "<group>"; };
		232644702B96A80600A54B95 /* ContentView.swift */ = {isa = PBXFileReference; lastKnownFileType = sourcecode.swift; path = ContentView.swift; sourceTree = "<group>"; };
		232644722B96A80700A54B95 /* Assets.xcassets */ = {isa = PBXFileReference; lastKnownFileType = folder.assetcatalog; path = Assets.xcassets; sourceTree = "<group>"; };
		232644752B96A80700A54B95 /* Preview Assets.xcassets */ = {isa = PBXFileReference; lastKnownFileType = folder.assetcatalog; path = "Preview Assets.xcassets"; sourceTree = "<group>"; };
		2326447C2B96A8CA00A54B95 /* .gitignore */ = {isa = PBXFileReference; lastKnownFileType = text; path = .gitignore; sourceTree = "<group>"; };
		2326447E2B96ABD800A54B95 /* BasicGetterExamples.swift */ = {isa = PBXFileReference; lastKnownFileType = sourcecode.swift; path = BasicGetterExamples.swift; sourceTree = "<group>"; };
		232644802B96ABE300A54B95 /* BasicSetterExampleView.swift */ = {isa = PBXFileReference; lastKnownFileType = sourcecode.swift; path = BasicSetterExampleView.swift; sourceTree = "<group>"; };
		2385BD842B96AD94009AA064 /* GettersExamplesView.swift */ = {isa = PBXFileReference; lastKnownFileType = sourcecode.swift; path = GettersExamplesView.swift; sourceTree = "<group>"; };
		2385BD862B96ADAA009AA064 /* SettersExamplesView.swift */ = {isa = PBXFileReference; lastKnownFileType = sourcecode.swift; path = SettersExamplesView.swift; sourceTree = "<group>"; };
		2385BD882B96B0D8009AA064 /* GettersViewModel.swift */ = {isa = PBXFileReference; lastKnownFileType = sourcecode.swift; path = GettersViewModel.swift; sourceTree = "<group>"; };
		2385BD8A2B96B0E0009AA064 /* GettersModel.swift */ = {isa = PBXFileReference; lastKnownFileType = sourcecode.swift; path = GettersModel.swift; sourceTree = "<group>"; };
		2385BD8C2B96B40A009AA064 /* SettersViewModel.swift */ = {isa = PBXFileReference; lastKnownFileType = sourcecode.swift; path = SettersViewModel.swift; sourceTree = "<group>"; };
		2385BD8E2B96B416009AA064 /* SettersModel.swift */ = {isa = PBXFileReference; lastKnownFileType = sourcecode.swift; path = SettersModel.swift; sourceTree = "<group>"; };
		2385BD902B96B52D009AA064 /* AdvancedSettersExampleView.swift */ = {isa = PBXFileReference; lastKnownFileType = sourcecode.swift; path = AdvancedSettersExampleView.swift; sourceTree = "<group>"; };
		2385BD922B96B555009AA064 /* AdvancedGettersExampleView.swift */ = {isa = PBXFileReference; lastKnownFileType = sourcecode.swift; path = AdvancedGettersExampleView.swift; sourceTree = "<group>"; };
/* End PBXFileReference section */

/* Begin PBXFrameworksBuildPhase section */
		232644682B96A80600A54B95 /* Frameworks */ = {
			isa = PBXFrameworksBuildPhase;
			buildActionMask = 2147483647;
			files = (
			);
			runOnlyForDeploymentPostprocessing = 0;
		};
/* End PBXFrameworksBuildPhase section */

/* Begin PBXGroup section */
		232644622B96A80600A54B95 = {
			isa = PBXGroup;
			children = (
				2326447C2B96A8CA00A54B95 /* .gitignore */,
				2326446D2B96A80600A54B95 /* SwiftUI_Firebase_MVVM_Implementation_Demos_2024 */,
				2326446C2B96A80600A54B95 /* Products */,
			);
			sourceTree = "<group>";
		};
		2326446C2B96A80600A54B95 /* Products */ = {
			isa = PBXGroup;
			children = (
				2326446B2B96A80600A54B95 /* SwiftUI_Firebase_MVVM_Implementation_Demos_2024.app */,
			);
			name = Products;
			sourceTree = "<group>";
		};
		2326446D2B96A80600A54B95 /* SwiftUI_Firebase_MVVM_Implementation_Demos_2024 */ = {
			isa = PBXGroup;
			children = (
				2385BD832B96AD70009AA064 /* GettersFiles */,
				2385BD822B96AD4E009AA064 /* SettersFiles */,
				2326446E2B96A80600A54B95 /* SwiftUI_Firebase_MVVM_Implementation_Demos_2024App.swift */,
				232644702B96A80600A54B95 /* ContentView.swift */,
				232644722B96A80700A54B95 /* Assets.xcassets */,
				232644742B96A80700A54B95 /* Preview Content */,
			);
			path = SwiftUI_Firebase_MVVM_Implementation_Demos_2024;
			sourceTree = "<group>";
		};
		232644742B96A80700A54B95 /* Preview Content */ = {
			isa = PBXGroup;
			children = (
				232644752B96A80700A54B95 /* Preview Assets.xcassets */,
			);
			path = "Preview Content";
			sourceTree = "<group>";
		};
		2385BD822B96AD4E009AA064 /* SettersFiles */ = {
			isa = PBXGroup;
			children = (
				2385BD862B96ADAA009AA064 /* SettersExamplesView.swift */,
				232644802B96ABE300A54B95 /* BasicSetterExampleView.swift */,
				2385BD902B96B52D009AA064 /* AdvancedSettersExampleView.swift */,
				2385BD942B96B58F009AA064 /* ModelFiles */,
			);
			path = SettersFiles;
			sourceTree = "<group>";
		};
		2385BD832B96AD70009AA064 /* GettersFiles */ = {
			isa = PBXGroup;
			children = (
				2385BD842B96AD94009AA064 /* GettersExamplesView.swift */,
				2326447E2B96ABD800A54B95 /* BasicGetterExamples.swift */,
				2385BD922B96B555009AA064 /* AdvancedGettersExampleView.swift */,
				2385BD952B96B5A5009AA064 /* ModelFiles */,
			);
			path = GettersFiles;
			sourceTree = "<group>";
		};
		2385BD942B96B58F009AA064 /* ModelFiles */ = {
			isa = PBXGroup;
			children = (
				2385BD8C2B96B40A009AA064 /* SettersViewModel.swift */,
				2385BD8E2B96B416009AA064 /* SettersModel.swift */,
			);
			path = ModelFiles;
			sourceTree = "<group>";
		};
		2385BD952B96B5A5009AA064 /* ModelFiles */ = {
			isa = PBXGroup;
			children = (
				2385BD882B96B0D8009AA064 /* GettersViewModel.swift */,
				2385BD8A2B96B0E0009AA064 /* GettersModel.swift */,
			);
			path = ModelFiles;
			sourceTree = "<group>";
		};
/* End PBXGroup section */

/* Begin PBXNativeTarget section */
		2326446A2B96A80600A54B95 /* SwiftUI_Firebase_MVVM_Implementation_Demos_2024 */ = {
			isa = PBXNativeTarget;
			buildConfigurationList = 232644792B96A80700A54B95 /* Build configuration list for PBXNativeTarget "SwiftUI_Firebase_MVVM_Implementation_Demos_2024" */;
			buildPhases = (
				232644672B96A80600A54B95 /* Sources */,
				232644682B96A80600A54B95 /* Frameworks */,
				232644692B96A80600A54B95 /* Resources */,
			);
			buildRules = (
			);
			dependencies = (
			);
			name = SwiftUI_Firebase_MVVM_Implementation_Demos_2024;
			productName = SwiftUI_Firebase_MVVM_Implementation_Demos_2024;
			productReference = 2326446B2B96A80600A54B95 /* SwiftUI_Firebase_MVVM_Implementation_Demos_2024.app */;
			productType = "com.apple.product-type.application";
		};
/* End PBXNativeTarget section */

/* Begin PBXProject section */
		232644632B96A80600A54B95 /* Project object */ = {
			isa = PBXProject;
			attributes = {
				BuildIndependentTargetsInParallel = 1;
				LastSwiftUpdateCheck = 1510;
				LastUpgradeCheck = 1510;
				TargetAttributes = {
					2326446A2B96A80600A54B95 = {
						CreatedOnToolsVersion = 15.1;
					};
				};
			};
			buildConfigurationList = 232644662B96A80600A54B95 /* Build configuration list for PBXProject "SwiftUI_Firebase_MVVM_Implementation_Demos_2024" */;
			compatibilityVersion = "Xcode 14.0";
			developmentRegion = en;
			hasScannedForEncodings = 0;
			knownRegions = (
				en,
				Base,
			);
			mainGroup = 232644622B96A80600A54B95;
			productRefGroup = 2326446C2B96A80600A54B95 /* Products */;
			projectDirPath = "";
			projectRoot = "";
			targets = (
				2326446A2B96A80600A54B95 /* SwiftUI_Firebase_MVVM_Implementation_Demos_2024 */,
			);
		};
/* End PBXProject section */

/* Begin PBXResourcesBuildPhase section */
		232644692B96A80600A54B95 /* Resources */ = {
			isa = PBXResourcesBuildPhase;
			buildActionMask = 2147483647;
			files = (
				232644762B96A80700A54B95 /* Preview Assets.xcassets in Resources */,
				2326447D2B96A8CA00A54B95 /* .gitignore in Resources */,
				232644732B96A80700A54B95 /* Assets.xcassets in Resources */,
			);
			runOnlyForDeploymentPostprocessing = 0;
		};
/* End PBXResourcesBuildPhase section */

/* Begin PBXSourcesBuildPhase section */
		232644672B96A80600A54B95 /* Sources */ = {
			isa = PBXSourcesBuildPhase;
			buildActionMask = 2147483647;
			files = (
				2385BD932B96B555009AA064 /* AdvancedGettersExampleView.swift in Sources */,
				2385BD872B96ADAA009AA064 /* SettersExamplesView.swift in Sources */,
				232644712B96A80600A54B95 /* ContentView.swift in Sources */,
				2385BD8F2B96B416009AA064 /* SettersModel.swift in Sources */,
				2385BD892B96B0D8009AA064 /* GettersViewModel.swift in Sources */,
				2385BD852B96AD94009AA064 /* GettersExamplesView.swift in Sources */,
				2385BD8B2B96B0E0009AA064 /* GettersModel.swift in Sources */,
				232644812B96ABE300A54B95 /* BasicSetterExampleView.swift in Sources */,
				2385BD912B96B52D009AA064 /* AdvancedSettersExampleView.swift in Sources */,
				2326447F2B96ABD800A54B95 /* BasicGetterExamples.swift in Sources */,
				2326446F2B96A80600A54B95 /* SwiftUI_Firebase_MVVM_Implementation_Demos_2024App.swift in Sources */,
				2385BD8D2B96B40A009AA064 /* SettersViewModel.swift in Sources */,
			);
			runOnlyForDeploymentPostprocessing = 0;
		};
/* End PBXSourcesBuildPhase section */

/* Begin XCBuildConfiguration section */
		232644772B96A80700A54B95 /* Debug */ = {
			isa = XCBuildConfiguration;
			buildSettings = {
				ALWAYS_SEARCH_USER_PATHS = NO;
				ASSETCATALOG_COMPILER_GENERATE_SWIFT_ASSET_SYMBOL_EXTENSIONS = YES;
				CLANG_ANALYZER_NONNULL = YES;
				CLANG_ANALYZER_NUMBER_OBJECT_CONVERSION = YES_AGGRESSIVE;
				CLANG_CXX_LANGUAGE_STANDARD = "gnu++20";
				CLANG_ENABLE_MODULES = YES;
				CLANG_ENABLE_OBJC_ARC = YES;
				CLANG_ENABLE_OBJC_WEAK = YES;
				CLANG_WARN_BLOCK_CAPTURE_AUTORELEASING = YES;
				CLANG_WARN_BOOL_CONVERSION = YES;
				CLANG_WARN_COMMA = YES;
				CLANG_WARN_CONSTANT_CONVERSION = YES;
				CLANG_WARN_DEPRECATED_OBJC_IMPLEMENTATIONS = YES;
				CLANG_WARN_DIRECT_OBJC_ISA_USAGE = YES_ERROR;
				CLANG_WARN_DOCUMENTATION_COMMENTS = YES;
				CLANG_WARN_EMPTY_BODY = YES;
				CLANG_WARN_ENUM_CONVERSION = YES;
				CLANG_WARN_INFINITE_RECURSION = YES;
				CLANG_WARN_INT_CONVERSION = YES;
				CLANG_WARN_NON_LITERAL_NULL_CONVERSION = YES;
				CLANG_WARN_OBJC_IMPLICIT_RETAIN_SELF = YES;
				CLANG_WARN_OBJC_LITERAL_CONVERSION = YES;
				CLANG_WARN_OBJC_ROOT_CLASS = YES_ERROR;
				CLANG_WARN_QUOTED_INCLUDE_IN_FRAMEWORK_HEADER = YES;
				CLANG_WARN_RANGE_LOOP_ANALYSIS = YES;
				CLANG_WARN_STRICT_PROTOTYPES = YES;
				CLANG_WARN_SUSPICIOUS_MOVE = YES;
				CLANG_WARN_UNGUARDED_AVAILABILITY = YES_AGGRESSIVE;
				CLANG_WARN_UNREACHABLE_CODE = YES;
				CLANG_WARN__DUPLICATE_METHOD_MATCH = YES;
				COPY_PHASE_STRIP = NO;
				DEBUG_INFORMATION_FORMAT = dwarf;
				ENABLE_STRICT_OBJC_MSGSEND = YES;
				ENABLE_TESTABILITY = YES;
				ENABLE_USER_SCRIPT_SANDBOXING = YES;
				GCC_C_LANGUAGE_STANDARD = gnu17;
				GCC_DYNAMIC_NO_PIC = NO;
				GCC_NO_COMMON_BLOCKS = YES;
				GCC_OPTIMIZATION_LEVEL = 0;
				GCC_PREPROCESSOR_DEFINITIONS = (
					"DEBUG=1",
					"$(inherited)",
				);
				GCC_WARN_64_TO_32_BIT_CONVERSION = YES;
				GCC_WARN_ABOUT_RETURN_TYPE = YES_ERROR;
				GCC_WARN_UNDECLARED_SELECTOR = YES;
				GCC_WARN_UNINITIALIZED_AUTOS = YES_AGGRESSIVE;
				GCC_WARN_UNUSED_FUNCTION = YES;
				GCC_WARN_UNUSED_VARIABLE = YES;
				IPHONEOS_DEPLOYMENT_TARGET = 17.2;
				LOCALIZATION_PREFERS_STRING_CATALOGS = YES;
				MTL_ENABLE_DEBUG_INFO = INCLUDE_SOURCE;
				MTL_FAST_MATH = YES;
				ONLY_ACTIVE_ARCH = YES;
				SDKROOT = iphoneos;
				SWIFT_ACTIVE_COMPILATION_CONDITIONS = "DEBUG $(inherited)";
				SWIFT_OPTIMIZATION_LEVEL = "-Onone";
			};
			name = Debug;
		};
		232644782B96A80700A54B95 /* Release */ = {
			isa = XCBuildConfiguration;
			buildSettings = {
				ALWAYS_SEARCH_USER_PATHS = NO;
				ASSETCATALOG_COMPILER_GENERATE_SWIFT_ASSET_SYMBOL_EXTENSIONS = YES;
				CLANG_ANALYZER_NONNULL = YES;
				CLANG_ANALYZER_NUMBER_OBJECT_CONVERSION = YES_AGGRESSIVE;
				CLANG_CXX_LANGUAGE_STANDARD = "gnu++20";
				CLANG_ENABLE_MODULES = YES;
				CLANG_ENABLE_OBJC_ARC = YES;
				CLANG_ENABLE_OBJC_WEAK = YES;
				CLANG_WARN_BLOCK_CAPTURE_AUTORELEASING = YES;
				CLANG_WARN_BOOL_CONVERSION = YES;
				CLANG_WARN_COMMA = YES;
				CLANG_WARN_CONSTANT_CONVERSION = YES;
				CLANG_WARN_DEPRECATED_OBJC_IMPLEMENTATIONS = YES;
				CLANG_WARN_DIRECT_OBJC_ISA_USAGE = YES_ERROR;
				CLANG_WARN_DOCUMENTATION_COMMENTS = YES;
				CLANG_WARN_EMPTY_BODY = YES;
				CLANG_WARN_ENUM_CONVERSION = YES;
				CLANG_WARN_INFINITE_RECURSION = YES;
				CLANG_WARN_INT_CONVERSION = YES;
				CLANG_WARN_NON_LITERAL_NULL_CONVERSION = YES;
				CLANG_WARN_OBJC_IMPLICIT_RETAIN_SELF = YES;
				CLANG_WARN_OBJC_LITERAL_CONVERSION = YES;
				CLANG_WARN_OBJC_ROOT_CLASS = YES_ERROR;
				CLANG_WARN_QUOTED_INCLUDE_IN_FRAMEWORK_HEADER = YES;
				CLANG_WARN_RANGE_LOOP_ANALYSIS = YES;
				CLANG_WARN_STRICT_PROTOTYPES = YES;
				CLANG_WARN_SUSPICIOUS_MOVE = YES;
				CLANG_WARN_UNGUARDED_AVAILABILITY = YES_AGGRESSIVE;
				CLANG_WARN_UNREACHABLE_CODE = YES;
				CLANG_WARN__DUPLICATE_METHOD_MATCH = YES;
				COPY_PHASE_STRIP = NO;
				DEBUG_INFORMATION_FORMAT = "dwarf-with-dsym";
				ENABLE_NS_ASSERTIONS = NO;
				ENABLE_STRICT_OBJC_MSGSEND = YES;
				ENABLE_USER_SCRIPT_SANDBOXING = YES;
				GCC_C_LANGUAGE_STANDARD = gnu17;
				GCC_NO_COMMON_BLOCKS = YES;
				GCC_WARN_64_TO_32_BIT_CONVERSION = YES;
				GCC_WARN_ABOUT_RETURN_TYPE = YES_ERROR;
				GCC_WARN_UNDECLARED_SELECTOR = YES;
				GCC_WARN_UNINITIALIZED_AUTOS = YES_AGGRESSIVE;
				GCC_WARN_UNUSED_FUNCTION = YES;
				GCC_WARN_UNUSED_VARIABLE = YES;
				IPHONEOS_DEPLOYMENT_TARGET = 17.2;
				LOCALIZATION_PREFERS_STRING_CATALOGS = YES;
				MTL_ENABLE_DEBUG_INFO = NO;
				MTL_FAST_MATH = YES;
				SDKROOT = iphoneos;
				SWIFT_COMPILATION_MODE = wholemodule;
				VALIDATE_PRODUCT = YES;
			};
			name = Release;
		};
		2326447A2B96A80700A54B95 /* Debug */ = {
			isa = XCBuildConfiguration;
			buildSettings = {
				ASSETCATALOG_COMPILER_APPICON_NAME = AppIcon;
				ASSETCATALOG_COMPILER_GLOBAL_ACCENT_COLOR_NAME = AccentColor;
				CODE_SIGN_STYLE = Automatic;
				CURRENT_PROJECT_VERSION = 1;
				DEVELOPMENT_ASSET_PATHS = "\"SwiftUI_Firebase_MVVM_Implementation_Demos_2024/Preview Content\"";
				ENABLE_PREVIEWS = YES;
				GENERATE_INFOPLIST_FILE = YES;
				INFOPLIST_KEY_UIApplicationSceneManifest_Generation = YES;
				INFOPLIST_KEY_UIApplicationSupportsIndirectInputEvents = YES;
				INFOPLIST_KEY_UILaunchScreen_Generation = YES;
				INFOPLIST_KEY_UISupportedInterfaceOrientations_iPad = "UIInterfaceOrientationPortrait UIInterfaceOrientationPortraitUpsideDown UIInterfaceOrientationLandscapeLeft UIInterfaceOrientationLandscapeRight";
				INFOPLIST_KEY_UISupportedInterfaceOrientations_iPhone = "UIInterfaceOrientationPortrait UIInterfaceOrientationLandscapeLeft UIInterfaceOrientationLandscapeRight";
				LD_RUNPATH_SEARCH_PATHS = (
					"$(inherited)",
					"@executable_path/Frameworks",
				);
				MARKETING_VERSION = 1.0;
				PRODUCT_BUNDLE_IDENTIFIER = "DevinGrischow.SwiftUI-Firebase-MVVM-Implementation-Demos-2024";
				PRODUCT_NAME = "$(TARGET_NAME)";
				SWIFT_EMIT_LOC_STRINGS = YES;
				SWIFT_VERSION = 5.0;
				TARGETED_DEVICE_FAMILY = "1,2";
			};
			name = Debug;
		};
		2326447B2B96A80700A54B95 /* Release */ = {
			isa = XCBuildConfiguration;
			buildSettings = {
				ASSETCATALOG_COMPILER_APPICON_NAME = AppIcon;
				ASSETCATALOG_COMPILER_GLOBAL_ACCENT_COLOR_NAME = AccentColor;
				CODE_SIGN_STYLE = Automatic;
				CURRENT_PROJECT_VERSION = 1;
				DEVELOPMENT_ASSET_PATHS = "\"SwiftUI_Firebase_MVVM_Implementation_Demos_2024/Preview Content\"";
				ENABLE_PREVIEWS = YES;
				GENERATE_INFOPLIST_FILE = YES;
				INFOPLIST_KEY_UIApplicationSceneManifest_Generation = YES;
				INFOPLIST_KEY_UIApplicationSupportsIndirectInputEvents = YES;
				INFOPLIST_KEY_UILaunchScreen_Generation = YES;
				INFOPLIST_KEY_UISupportedInterfaceOrientations_iPad = "UIInterfaceOrientationPortrait UIInterfaceOrientationPortraitUpsideDown UIInterfaceOrientationLandscapeLeft UIInterfaceOrientationLandscapeRight";
				INFOPLIST_KEY_UISupportedInterfaceOrientations_iPhone = "UIInterfaceOrientationPortrait UIInterfaceOrientationLandscapeLeft UIInterfaceOrientationLandscapeRight";
				LD_RUNPATH_SEARCH_PATHS = (
					"$(inherited)",
					"@executable_path/Frameworks",
				);
				MARKETING_VERSION = 1.0;
				PRODUCT_BUNDLE_IDENTIFIER = "DevinGrischow.SwiftUI-Firebase-MVVM-Implementation-Demos-2024";
				PRODUCT_NAME = "$(TARGET_NAME)";
				SWIFT_EMIT_LOC_STRINGS = YES;
				SWIFT_VERSION = 5.0;
				TARGETED_DEVICE_FAMILY = "1,2";
			};
			name = Release;
		};
/* End XCBuildConfiguration section */

/* Begin XCConfigurationList section */
		232644662B96A80600A54B95 /* Build configuration list for PBXProject "SwiftUI_Firebase_MVVM_Implementation_Demos_2024" */ = {
			isa = XCConfigurationList;
			buildConfigurations = (
				232644772B96A80700A54B95 /* Debug */,
				232644782B96A80700A54B95 /* Release */,
			);
			defaultConfigurationIsVisible = 0;
			defaultConfigurationName = Release;
		};
		232644792B96A80700A54B95 /* Build configuration list for PBXNativeTarget "SwiftUI_Firebase_MVVM_Implementation_Demos_2024" */ = {
			isa = XCConfigurationList;
			buildConfigurations = (
				2326447A2B96A80700A54B95 /* Debug */,
				2326447B2B96A80700A54B95 /* Release */,
			);
			defaultConfigurationIsVisible = 0;
			defaultConfigurationName = Release;
		};
/* End XCConfigurationList section */
	};
	rootObject = 232644632B96A80600A54B95 /* Project object */;
}
